
Microsoft Visual Studio Solution File, Format Version 12.00
# Visual Studio Version 16
VisualStudioVersion = 16.0.29418.71
MinimumVisualStudioVersion = 10.0.40219.1
Project("{FAE04EC0-301F-11D3-BF4B-00C04F79EFBC}") = "DeVes.Bazaar.Client", "DeVes.Bazaar.Client\DeVes.Bazaar.Client.csproj", "{135807B7-80B5-440C-A711-C8AAE8832D4C}"
EndProject
Project("{FAE04EC0-301F-11D3-BF4B-00C04F79EFBC}") = "DeVes.Bazaar.Data", "DeVes.Bazaar.Data\DeVes.Bazaar.Data.csproj", "{593B58BC-C43B-4299-A18B-C3FA647152F5}"
EndProject
Project("{FAE04EC0-301F-11D3-BF4B-00C04F79EFBC}") = "DeVes.Bazaar.Server", "DeVes.Bazaar.Server\DeVes.Bazaar.Server.csproj", "{CA91B65A-B85D-41DD-9B8B-1EBB46179AA0}"
EndProject
Project("{FAE04EC0-301F-11D3-BF4B-00C04F79EFBC}") = "DeVes.Extension", "DeVes.Extension\DeVes.Extension.csproj", "{05ECC13F-2258-4214-B861-5B0BA524386B}"
EndProject
Global
	GlobalSection(SolutionConfigurationPlatforms) = preSolution
		Debug|Any CPU = Debug|Any CPU
		Release|Any CPU = Release|Any CPU
	EndGlobalSection
	GlobalSection(ProjectConfigurationPlatforms) = postSolution
		{135807B7-80B5-440C-A711-C8AAE8832D4C}.Debug|Any CPU.ActiveCfg = Debug|Any CPU
		{135807B7-80B5-440C-A711-C8AAE8832D4C}.Debug|Any CPU.Build.0 = Debug|Any CPU
		{135807B7-80B5-440C-A711-C8AAE8832D4C}.Release|Any CPU.ActiveCfg = Release|Any CPU
		{135807B7-80B5-440C-A711-C8AAE8832D4C}.Release|Any CPU.Build.0 = Release|Any CPU
		{593B58BC-C43B-4299-A18B-C3FA647152F5}.Debug|Any CPU.ActiveCfg = Debug|Any CPU
		{593B58BC-C43B-4299-A18B-C3FA647152F5}.Debug|Any CPU.Build.0 = Debug|Any CPU
		{593B58BC-C43B-4299-A18B-C3FA647152F5}.Release|Any CPU.ActiveCfg = Release|Any CPU
		{593B58BC-C43B-4299-A18B-C3FA647152F5}.Release|Any CPU.Build.0 = Release|Any CPU
		{CA91B65A-B85D-41DD-9B8B-1EBB46179AA0}.Debug|Any CPU.ActiveCfg = Debug|Any CPU
		{CA91B65A-B85D-41DD-9B8B-1EBB46179AA0}.Debug|Any CPU.Build.0 = Debug|Any CPU
		{CA91B65A-B85D-41DD-9B8B-1EBB46179AA0}.Release|Any CPU.ActiveCfg = Release|Any CPU
		{CA91B65A-B85D-41DD-9B8B-1EBB46179AA0}.Release|Any CPU.Build.0 = Release|Any CPU
		{05ECC13F-2258-4214-B861-5B0BA524386B}.Debug|Any CPU.ActiveCfg = Debug|Any CPU
		{05ECC13F-2258-4214-B861-5B0BA524386B}.Debug|Any CPU.Build.0 = Debug|Any CPU
		{05ECC13F-2258-4214-B861-5B0BA524386B}.Release|Any CPU.ActiveCfg = Release|Any CPU
		{05ECC13F-2258-4214-B861-5B0BA524386B}.Release|Any CPU.Build.0 = Release|Any CPU
	EndGlobalSection
	GlobalSection(SolutionProperties) = preSolution
		HideSolutionNode = FALSE
	EndGlobalSection
	GlobalSection(ExtensibilityGlobals) = postSolution
		SolutionGuid = {9B4A63EC-7A46-45AE-A28D-45C6BF1D878E}
	EndGlobalSection
EndGlobal
